
Microsoft Visual Studio Solution File, Format Version 12.00
# Visual Studio Version 16
VisualStudioVersion = 16.0.29123.88
MinimumVisualStudioVersion = 10.0.40219.1
Project("{FAE04EC0-301F-11D3-BF4B-00C04F79EFBC}") = "DemoScheduleEmails", "DemoScheduleEmails\DemoScheduleEmails.csproj", "{AF4FFD29-EA90-43A4-BB36-DE3ABE3A243C}"
EndProject
Global
	GlobalSection(SolutionConfigurationPlatforms) = preSolution
		Debug|Any CPU = Debug|Any CPU
		Release|Any CPU = Release|Any CPU
	EndGlobalSection
	GlobalSection(ProjectConfigurationPlatforms) = postSolution
		{AF4FFD29-EA90-43A4-BB36-DE3ABE3A243C}.Debug|Any CPU.ActiveCfg = Debug|Any CPU
		{AF4FFD29-EA90-43A4-BB36-DE3ABE3A243C}.Debug|Any CPU.Build.0 = Debug|Any CPU
		{AF4FFD29-EA90-43A4-BB36-DE3ABE3A243C}.Release|Any CPU.ActiveCfg = Release|Any CPU
		{AF4FFD29-EA90-43A4-BB36-DE3ABE3A243C}.Release|Any CPU.Build.0 = Release|Any CPU
	EndGlobalSection
	GlobalSection(SolutionProperties) = preSolution
		HideSolutionNode = FALSE
	EndGlobalSection
	GlobalSection(ExtensibilityGlobals) = postSolution
		SolutionGuid = {2E014042-6AE1-45A5-A5FC-B9612D10E2AD}
	EndGlobalSection
EndGlobal
